<Solution>
  <Configurations>
    <Platform Name="Any CPU" />
    <Platform Name="arm64" />
    <Platform Name="x64" />
  </Configurations>
  <Project Path="Novugit.API/Novugit.API.csproj" />
  <Project Path="Novugit.Base/Novugit.Base.csproj" />
  <Project Path="Novugit/Novugit.csproj" />

  <Folder Name="/Solution Items/">
      <File Path=".editorconfig" />
      <File Path=".gitignore" />
    <File Path="CLAUDE.md" />
      <File Path="global.json" />
      <File Path="README.md" />
      <File Path="Taskfile.yml" />
  </Folder>
</Solution>
